hash: 9d962b9fe4cc775e8c945b1760402baccaa6a7db71bc996d42c7e19db740b716
updated: 2016-03-15T17:13:03.706076327-04:00
imports:
- name: bitbucket.org/ww/goautoneg
  version: 75cd24fc2f2c
- name: github.com/AaronO/go-git-http
  version: 0ebecedc64b67a3a8674c56724082660be48216e
  subpackages:
  - auth
- name: github.com/abbot/go-http-auth
  version: c0ef4539dfab4d21c8ef20ba2924f9fc6f186d35
- name: github.com/AdRoll/goamz
  version: aa6e716d710a0c7941cb2075cfbb9661f16d21f1
  subpackages:
  - aws
  - cloudfront
  - s3
- name: github.com/appc/cni
  version: 2a58bd9379ca33579f0cf631945b717aa4fa373d
  subpackages:
  - libcni
  - pkg/invoke
  - pkg/types
- name: github.com/appc/spec
  version: 5d54e27f1764a0309eafe12c9df7bac03f241646
  subpackages:
  - schema
  - schema/types
  - Godeps/_workspace/src/github.com/camlistore/go4/errorutil
  - Godeps/_workspace/src/github.com/coreos/go-semver/semver
  - Godeps/_workspace/src/k8s.io/kubernetes/pkg/api/resource
  - schema/common
  - Godeps/_workspace/src/github.com/spf13/pflag
  - Godeps/_workspace/src/speter.net/go/exp/math/dec/inf
- name: github.com/armon/go-metrics
  version: 345426c77237ece5dab0e1605c3e4b35c3f54757
- name: github.com/aws/aws-sdk-go
  version: bf2f8fe7f45e68017086d069498638893feddf64
  subpackages:
  - aws
  - private/endpoints
  - private/protocol/ec2query
  - private/protocol/json/jsonutil
  - private/protocol/jsonrpc
  - private/protocol/query
  - private/protocol/rest
  - private/protocol/xml/xmlutil
  - private/signer/v4
  - private/waiter
  - service/autoscaling
  - service/ec2
  - service/ecr
  - service/elb
  - aws/awserr
  - aws/credentials
  - aws/credentials/ec2rolecreds
  - aws/ec2metadata
  - aws/request
  - aws/session
  - aws/client
  - aws/client/metadata
  - aws/awsutil
  - aws/corehandlers
  - aws/defaults
  - private/protocol/query/queryutil
- name: github.com/Azure/azure-sdk-for-go
  version: 97d9593768bbbbd316f9c055dfc5f780933cd7fc
  subpackages:
  - storage
- name: github.com/beorn7/perks
  version: b965b613227fddccbfffe13eae360ed3fa822f8d
  subpackages:
  - quantile
- name: github.com/blang/semver
  version: 31b736133b98f26d5e078ec9eb591666edfd091f
- name: github.com/boltdb/bolt
  version: ee4a0888a9abe7eefe5a0992ca4cb06864839873
- name: github.com/camlistore/go4
  version: 3b6feb5cf32f573fb124905de36a54c24ee14ac1
  subpackages:
  - errorutil
- name: github.com/ClusterHQ/flocker-go
  version: 3f33ece70f6571f0ec45bfae2f243ab11fab6c52
- name: github.com/coreos/etcd
  version: bc9ddf260115d2680191c46977ae72b837785472
  subpackages:
  - client
  - discovery
  - error
  - etcdserver
  - pkg/crc
  - pkg/fileutil
  - pkg/httputil
  - pkg/idutil
  - pkg/ioutil
  - pkg/netutil
  - pkg/osutil
  - pkg/pathutil
  - pkg/pbutil
  - pkg/runtime
  - pkg/timeutil
  - pkg/transport
  - pkg/types
  - pkg/wait
  - raft
  - rafthttp
  - snap
  - storage
  - store
  - version
  - wal
  - etcdserver/etcdhttp
  - Godeps/_workspace/src/github.com/ugorji/go/codec
  - Godeps/_workspace/src/golang.org/x/net/context
  - Godeps/_workspace/src/github.com/coreos/go-semver/semver
  - Godeps/_workspace/src/github.com/coreos/pkg/capnslog
  - Godeps/_workspace/src/github.com/gogo/protobuf/proto
  - Godeps/_workspace/src/github.com/prometheus/client_golang/prometheus
  - etcdserver/etcdhttp/httptypes
  - etcdserver/etcdserverpb
  - etcdserver/stats
  - raft/raftpb
  - storage/storagepb
  - wal/walpb
  - Godeps/_workspace/src/github.com/jonboulle/clockwork
  - etcdserver/auth
  - Godeps/_workspace/src/github.com/xiang90/probing
  - Godeps/_workspace/src/github.com/coreos/go-systemd/journal
  - Godeps/_workspace/src/github.com/beorn7/perks/quantile
  - Godeps/_workspace/src/github.com/golang/protobuf/proto
  - Godeps/_workspace/src/github.com/prometheus/client_model/go
  - Godeps/_workspace/src/github.com/prometheus/common/expfmt
  - Godeps/_workspace/src/github.com/prometheus/procfs
  - Godeps/_workspace/src/google.golang.org/grpc
  - snap/snappb
  - Godeps/_workspace/src/github.com/google/btree
  - storage/backend
  - Godeps/_workspace/src/golang.org/x/crypto/bcrypt
  - Godeps/_workspace/src/bitbucket.org/ww/goautoneg
  - Godeps/_workspace/src/github.com/matttproud/golang_protobuf_extensions/pbutil
  - Godeps/_workspace/src/github.com/prometheus/common/model
  - Godeps/_workspace/src/golang.org/x/net/trace
  - Godeps/_workspace/src/google.golang.org/grpc/codes
  - Godeps/_workspace/src/google.golang.org/grpc/credentials
  - Godeps/_workspace/src/google.golang.org/grpc/grpclog
  - Godeps/_workspace/src/google.golang.org/grpc/metadata
  - Godeps/_workspace/src/google.golang.org/grpc/naming
  - Godeps/_workspace/src/google.golang.org/grpc/transport
  - Godeps/_workspace/src/github.com/boltdb/bolt
  - Godeps/_workspace/src/golang.org/x/crypto/blowfish
  - Godeps/_workspace/src/golang.org/x/net/internal/timeseries
  - Godeps/_workspace/src/golang.org/x/net/http2
  - Godeps/_workspace/src/golang.org/x/net/http2/hpack
  - Godeps/_workspace/src/google.golang.org/grpc/peer
  - Godeps/_workspace/src/golang.org/x/sys/unix
- name: github.com/coreos/go-etcd
  version: 003851be7bb0694fe3cc457a49529a19388ee7cf
  subpackages:
  - etcd
- name: github.com/coreos/go-oidc
  version: 024cdeee09d02fb439eb55bc422e582ac115615b
  subpackages:
  - http
  - jose
  - key
  - oauth2
  - oidc
- name: github.com/coreos/go-semver
  version: d043ae190b3202550d026daf009359bb5d761672
  subpackages:
  - semver
- name: github.com/coreos/go-systemd
  version: b4a58d95188dd092ae20072bac14cece0e67c388
  subpackages:
  - activation
  - daemon
  - dbus
  - journal
  - unit
  - util
- name: github.com/coreos/pkg
  version: fa94270d4bac0d8ae5dc6b71894e251aada93f74
  subpackages:
  - capnslog
  - health
  - httputil
  - timeutil
- name: github.com/coreos/rkt
  version: 1ddc36601c8688ff207210bc9ecbf973d09573fa
  subpackages:
  - api/v1alpha
- name: github.com/cpuguy83/go-md2man
  version: 71acacd42f85e5e82f70a55327789582a5200a90
  subpackages:
  - md2man
- name: github.com/davecgh/go-spew
  version: 3e6e67c4dcea3ac2f25fd4731abc0e1deaf36216
  subpackages:
  - spew
- name: github.com/daviddengcn/go-colortext
  version: b5c0891944c2f150ccc9d02aecf51b76c14c2948
- name: github.com/dgrijalva/jwt-go
  version: 5ca80149b9d3f8b863af0e2bb6742e608603bd99
- name: github.com/docker/distribution
  version: e6c60e79c570f97ef36f280fcebed497682a5f37
  subpackages:
  - configuration
  - context
  - digest
  - health
  - manifest/schema1
  - reference
  - registry/api/errcode
  - registry/api/v2
  - registry/auth
  - registry/auth/htpasswd
  - registry/auth/token
  - registry/client
  - registry/client/auth
  - registry/client/transport
  - registry/handlers
  - registry/middleware/repository
  - registry/storage
  - registry/storage/driver
  - registry/storage/driver/azure
  - registry/storage/driver/filesystem
  - registry/storage/driver/middleware/cloudfront
  - registry/storage/driver/s3
  - registry/storage/driver/swift
  - uuid
  - version
  - health/checks
  - notifications
  - registry/middleware/registry
  - registry/proxy
  - registry/storage/cache/memory
  - registry/storage/cache/redis
  - registry/storage/driver/factory
  - registry/storage/driver/middleware
  - registry/storage/driver/base
  - manifest
  - registry/storage/cache
  - registry/proxy/scheduler
- name: github.com/docker/docker
  version: 0f5c9d301b9b1cca66b3ea0f9dec3b5317d3686d
  subpackages:
  - builder/command
  - builder/parser
  - pkg/jsonmessage
  - pkg/mount
  - pkg/parsers
  - pkg/symlink
  - pkg/tarsum
  - pkg/term
  - pkg/timeutils
  - pkg/units
  - pkg/term/winconsole
- name: github.com/docker/go-units
  version: 0bbddae09c5a5419a8c6dcdd7ff90da3d450393b
- name: github.com/docker/libtrust
  version: c54fbb67c1f1e68d7d6f8d2ad7c9360404616a41
- name: github.com/docker/spdystream
  version: 106e140db2cb50923efe088bf2906b2ee5a45fec
  subpackages:
  - spdy
- name: github.com/elazarl/go-bindata-assetfs
  version: 3dcc96556217539f50599357fb481ac0dc7439b9
- name: github.com/elazarl/goproxy
  version: 07b16b6e30fcac0ad8c0435548e743bcf2ca7e92
- name: github.com/emicklei/go-restful
  version: 777bb3f19bcafe2575ffb2a3e46af92509ae9594
  subpackages:
  - swagger
  - log
- name: github.com/evanphx/json-patch
  version: 7dd4489c2eb6073e5a9d7746c3274c5b5f0387df
- name: github.com/fsouza/go-dockerclient
  version: 0099401a7342ad77e71ca9f9a57c5e72fb80f6b2
  subpackages:
  - external/github.com/docker/docker/opts
  - external/github.com/docker/docker/pkg/archive
  - external/github.com/docker/docker/pkg/fileutils
  - external/github.com/docker/docker/pkg/homedir
  - external/github.com/docker/docker/pkg/stdcopy
  - external/github.com/hashicorp/go-cleanhttp
  - external/github.com/Sirupsen/logrus
  - external/github.com/docker/docker/pkg/idtools
  - external/github.com/docker/docker/pkg/ioutils
  - external/github.com/docker/docker/pkg/pools
  - external/github.com/docker/docker/pkg/promise
  - external/github.com/docker/docker/pkg/system
  - external/github.com/docker/docker/pkg/longpath
  - external/github.com/opencontainers/runc/libcontainer/user
  - external/golang.org/x/sys/unix
  - external/golang.org/x/net/context
  - external/github.com/docker/go-units
- name: github.com/garyburd/redigo
  version: 535138d7bcd717d6531c701ef5933d98b1866257
  subpackages:
  - internal
  - redis
- name: github.com/getsentry/raven-go
  version: 86cd4063c535cbbcbf43d84424dbd5911ab1b818
- name: github.com/ghodss/yaml
  version: 73d445a93680fa1a78ae23a5839bad48f32ba1ee
- name: github.com/go-ini/ini
  version: 2e44421e256d82ebbf3d4d4fcabe8930b905eff3
- name: github.com/godbus/dbus
  version: c7fdd8b5cd55e87b4e1f4e372cdb1db61dd6c66f
- name: github.com/gogo/protobuf
  version: 82d16f734d6d871204a3feb1a73cb220cc92574c
  subpackages:
  - proto
- name: github.com/golang/glog
  version: 44145f04b68cf362d9c4df2182967c2275eaefed
- name: github.com/golang/groupcache
  version: 604ed5785183e59ae2789449d89e73f3a2a77987
  subpackages:
  - lru
- name: github.com/golang/protobuf
  version: b982704f8bb716bb608144408cff30e15fbde841
  subpackages:
  - proto
- name: github.com/gonum/blas
  version: 80dca99229cccca259b550ae3f755cf79c65a224
  subpackages:
  - blas64
  - native
  - native/internal/math32
- name: github.com/gonum/graph
  version: bde6d0fbd9dec5a997e906611fe0364001364c41
  subpackages:
  - concrete
  - encoding/dot
  - path
  - topo
  - internal
  - traverse
- name: github.com/gonum/internal
  version: 5b84ddfb9d3e72d73b8de858c97650be140935c0
  subpackages:
  - asm
- name: github.com/gonum/lapack
  version: 88ec467285859a6cd23900147d250a8af1f38b10
  subpackages:
  - lapack64
  - native
- name: github.com/gonum/matrix
  version: fb1396264e2e259ff714a408a7b0142d238b198d
  subpackages:
  - mat64
- name: github.com/google/btree
  version: cc6329d4279e3f025a53a83c397d2339b5705c45
- name: github.com/google/cadvisor
  version: 49a08d5139ae0111757a110ea3b55fe9a607873d
  subpackages:
  - api
  - cache/memory
  - collector
  - container
  - events
  - fs
  - healthz
  - http
  - info/v1
  - info/v2
  - manager
  - metrics
  - pages
  - storage
  - summary
  - utils
  - validate
  - version
  - utils/sysfs
  - http/mux
  - pages/static
  - container/docker
  - container/raw
  - utils/cloudinfo
  - utils/cpuload
  - utils/machine
  - utils/oomparser
  - utils/sysinfo
  - container/libcontainer
  - utils/cpuload/netlink
- name: github.com/google/gofuzz
  version: bbcb9da2d746f8bdbd6a936686a0a6067ada0ec5
- name: github.com/gorilla/context
  version: 215affda49addc4c8ef7e2534915df2c8c35c6cd
- name: github.com/gorilla/handlers
  version: 4ef72b2795a418935d497c8db213080be06f8850
- name: github.com/gorilla/mux
  version: 8096f47503459bcc74d1f4c487b7e6e42e5746b5
- name: github.com/gorilla/securecookie
  version: 1b0c7f6e9ab3d7f500fd7d50c7ad835ff428139b
- name: github.com/gorilla/sessions
  version: aa5e036e6c44aec69a32eb41097001978b29ad31
- name: github.com/hashicorp/go-msgpack
  version: fa3f63826f7c23912c15263591e65d54d080b458
  subpackages:
  - codec
- name: github.com/hashicorp/golang-lru
  version: 7f9ef20a0256f494e24126014135cf893ab71e9e
- name: github.com/hashicorp/raft
  version: 057b893fd996696719e98b6c44649ea14968c811
- name: github.com/hashicorp/raft-boltdb
  version: d1e82c1ec3f15ee991f7cc7ffd5b67ff6f5bbaee
- name: github.com/imdario/mergo
  version: 6633656539c1639d9d78127b7d47c622b5d7b6dc
- name: github.com/inconshreveable/mousetrap
  version: 76626ae9c91c4f2a10f34cad8ce83ea42c93bb75
- name: github.com/influxdb/influxdb
  version: b237c68bab4756507baf6840023be103853e77db
  subpackages:
  - client
  - influxql
  - meta
  - snapshot
  - toml
  - tsdb
  - tsdb/internal
  - meta/internal
- name: github.com/jmespath/go-jmespath
  version: 3433f3ea46d9f8019119e7dd41274e112a2359a9
- name: github.com/jonboulle/clockwork
  version: 3f831b65b61282ba6bece21b91beea2edc4c887a
- name: github.com/jteeuwen/go-bindata
  version: bfe36d3254337b7cc18024805dfab2106613abdf
- name: github.com/juju/ratelimit
  version: 77ed1c8a01217656d2080ad51981f6e99adaa177
- name: github.com/kr/pty
  version: f7ee69f31298ecbe5d2b349c711e2547a617d398
- name: github.com/MakeNowJust/heredoc
  version: 1d91351acdc1cb2f2c995864674b754134b86ca7
  subpackages:
  - dot
- name: github.com/matttproud/golang_protobuf_extensions
  version: fc2b8d3a73c4867e51861bbdd5ae3c1f0869dd6a
  subpackages:
  - pbutil
- name: github.com/mesos/mesos-go
  version: 4a7554aad396c70d19c9fc3469980547c9f117ae
  subpackages:
  - detector
  - mesosproto
  - mesosutil
  - upid
  - detector/zoo
- name: github.com/miekg/dns
  version: 46e689ee1104f5db16a173a798fb0f0ee5c7d3ef
- name: github.com/mistifyio/go-zfs
  version: 1b4ae6fb4e77b095934d4430860ff202060169f8
- name: github.com/mitchellh/mapstructure
  version: 740c764bc6149d3f1806231418adb9f52c11bcbf
- name: github.com/mxk/go-flowrate
  version: cca7078d478f8520f85629ad7c68962d31ed7682
  subpackages:
  - flowrate
- name: github.com/ncw/swift
  version: c54732e87b0b283d1baf0a18db689d0aea460ba3
- name: github.com/onsi/ginkgo
  version: 07d85e6b10c4289c7d612f9b13f45ba36f66d55b
  subpackages:
  - config
  - reporters
  - reporters/stenographer
  - types
  - internal/codelocation
  - internal/failer
  - internal/remote
  - internal/suite
  - internal/testingtproxy
  - internal/writer
  - internal/containernode
  - internal/leafnodes
  - internal/spec
  - internal/specrunner
- name: github.com/onsi/gomega
  version: 8adf9e1730c55cdc590de7d49766cb2acc88d8f2
  subpackages:
  - internal/assertion
  - internal/asyncassertion
  - internal/testingtsupport
  - matchers
  - types
  - format
  - matchers/support/goraph/bipartitegraph
  - matchers/support/goraph/edge
  - matchers/support/goraph/node
  - matchers/support/goraph/util
- name: github.com/opencontainers/runc
  version: 7ca2aa4873aea7cb4265b1726acb24b90d8726c6
  subpackages:
  - libcontainer
  - libcontainer/cgroups/fs
  - libcontainer/configs
  - libcontainer/cgroups
  - libcontainer/system
  - libcontainer/selinux
  - libcontainer/apparmor
  - libcontainer/cgroups/systemd
  - libcontainer/configs/validate
  - libcontainer/criurpc
  - libcontainer/label
  - libcontainer/seccomp
  - libcontainer/stacktrace
  - libcontainer/user
  - libcontainer/utils
- name: github.com/openshift/openshift-sdn
  version: 58baf17e027bc1fd913cddd55c5eed4782400c60
  subpackages:
  - pkg/cmd/admin/network
  - pkg/exec
  - pkg/ipcmd
  - pkg/netutils
  - pkg/ovs
  - plugins/osdn
  - plugins/osdn/api
  - plugins/osdn/factory
  - plugins/osdn/ovs
- name: github.com/openshift/source-to-image
  version: fb7794026064c5a7b83905674a5244916a07fef9
  subpackages:
  - pkg/api
  - pkg/build
  - pkg/docker
  - pkg/errors
  - pkg/ignore
  - pkg/scm
  - pkg/scripts
  - pkg/tar
  - pkg/util
  - pkg/api/describe
  - pkg/api/validation
  - pkg/build/strategies
  - pkg/scm/git
  - pkg/util/user
  - pkg/build/strategies/onbuild
  - pkg/build/strategies/sti
  - pkg/build/strategies/layered
  - pkg/scm/file
- name: github.com/pborman/uuid
  version: ca53cad383cad2479bbba7f7a1a05797ec1386e4
- name: github.com/pkg/profile
  version: c795610ec6e479e5795f7852db65ea15073674a6
- name: github.com/pmezard/go-difflib
  version: d8ed2627bdf02c080bf22230dbb337003b7aba2d
  subpackages:
  - difflib
- name: github.com/prometheus/client_golang
  version: 3b78d7a77f51ccbc364d4bc170920153022cfd08
  subpackages:
  - prometheus
- name: github.com/prometheus/client_model
  version: fa8ad6fec33561be4280a8f0514318c79d7f6cb6
  subpackages:
  - go
- name: github.com/prometheus/common
  version: ef7a9a5fb138aa5d3a19988537606226869a0390
  subpackages:
  - expfmt
  - model
- name: github.com/prometheus/procfs
  version: 490cc6eb5fa45bf8a8b7b73c8bc82a8160e8531d
- name: github.com/rackspace/gophercloud
  version: f92863476c034f851073599c09d90cd61ee95b3d
  subpackages:
  - openstack
  - openstack/identity/v2/tokens
  - openstack/identity/v3/tokens
  - openstack/utils
  - openstack/identity/v2/tenants
  - testhelper
  - openstack/blockstorage/v1/volumes
  - openstack/compute/v2/extensions/volumeattach
  - openstack/compute/v2/flavors
  - openstack/compute/v2/servers
  - openstack/networking/v2/extensions/layer3/floatingips
  - openstack/networking/v2/extensions/lbaas/members
  - openstack/networking/v2/extensions/lbaas/monitors
  - openstack/networking/v2/extensions/lbaas/pools
  - openstack/networking/v2/extensions/lbaas/vips
  - pagination
  - testhelper/client
  - rackspace
  - rackspace/compute/v2/servers
  - openstack/compute/v2/images
  - rackspace/identity/v2/tokens
  - openstack/compute/v2/extensions/bootfromvolume
  - openstack/compute/v2/extensions/diskconfig
- name: github.com/RangelReale/osin
  version: c07b3bd1ee57089f63e6325c0ea035ceed2e905c
- name: github.com/RangelReale/osincli
  version: 23618ea0fc3faa3f43954ce8ff48e31f5c784212
- name: github.com/russross/blackfriday
  version: 8cec3a854e68dba10faabbe31c089abf4a3e57a6
- name: github.com/samuel/go-zookeeper
  version: 177002e16a0061912f02377e2dd8951a8b3551bc
  subpackages:
  - zk
- name: github.com/scalingdata/gcfg
  version: 37aabad69cfd3d20b8390d902a8b10e245c615ff
  subpackages:
  - scanner
  - token
  - types
- name: github.com/seccomp/libseccomp-golang
  version: 1b506fc7c24eec5a3693cdcbed40d9c226cfc6a1
- name: github.com/shurcooL/sanitized_anchor_name
  version: 244f5ac324cb97e1987ef901a0081a77bfd8e845
- name: github.com/Sirupsen/logrus
  version: aaf92c95712104318fc35409745f1533aa5ff327
  subpackages:
  - formatters/logstash
- name: github.com/skynetservices/skydns
  version: bb2ebadc9746f23e4a296e3cbdb8c01e956baee1
  subpackages:
  - backends/etcd
  - cache
  - msg
  - server
- name: github.com/spf13/cobra
  version: 1c44ec8d3f1552cac48999f9306da23c4d8a288b
- name: github.com/spf13/pflag
  version: 08b1a584251b5b62f458943640fc8ebd4d50aaa5
- name: github.com/stevvooe/resumable
  version: 51ad44105773cafcbe91927f70ac68e1bf78f8b4
  subpackages:
  - sha256
  - sha512
- name: github.com/stretchr/objx
  version: d40df0cc104c06eae2dfe03d7dddb83802d52f9a
- name: github.com/stretchr/testify
  version: e3a8ff8ce36581f87a15341206f205b1da467059
  subpackages:
  - assert
  - mock
  - require
- name: github.com/syndtr/gocapability
  version: 2c00daeb6c3b45114c80ac44119e7b8801fdd852
  subpackages:
  - capability
- name: github.com/ugorji/go
  version: 4a79e5b7b21e51ae8d61641bca20399b79735a32
  subpackages:
  - codec
- name: github.com/vishvananda/netlink
  version: 1e2e08e8a2dcdacaae3f14ac44c5cfa31361f270
  subpackages:
  - nl
- name: github.com/vjeantet/asn1-ber
  version: 85041cd0f4769ebf4a5ae600b1e921e630d6aff0
- name: github.com/vjeantet/ldapserver
  version: 19fbc46ed12348d5122812c8303fb82e49b6c25d
- name: github.com/xiang90/probing
  version: 6a0cc1ae81b4cc11db5e491e030e4b98fba79c19
- name: golang.org/x/crypto
  version: c84e1f8e3a7e322d497cd16c0e8a13c7e127baf3
  subpackages:
  - bcrypt
  - blowfish
  - ssh
- name: golang.org/x/exp
  version: d00e13ec443927751b2bd49e97dea7bf3b6a6487
  subpackages:
  - inotify
- name: golang.org/x/net
  version: c2528b2dd8352441850638a8bb678c2ad056fd3e
  subpackages:
  - context
  - html
  - http2
  - internal/timeseries
  - trace
  - websocket
  - html/atom
  - context/ctxhttp
  - http2/hpack
- name: golang.org/x/oauth2
  version: b5adcc2dcdf009d0391547edc6ecbaff889f5bb9
  subpackages:
  - google
  - jwt
  - internal
  - jws
- name: golang.org/x/sys
  version: 833a04a10549a95dc34458c195cbad61bbb6cb4d
  subpackages:
  - unix
- name: google.golang.org/api
  version: 77e7d383beb96054547729f49c372b3d01e196ff
  subpackages:
  - cloudmonitoring/v2beta2
  - compute/v1
  - container/v1
  - gensupport
  - googleapi
  - googleapi/internal/uritemplates
- name: google.golang.org/appengine
  version: 12d5545dc1cfa6047a286d5e853841b6471f4c19
  subpackages:
  - urlfetch
  - internal
  - internal/urlfetch
  - internal/app_identity
  - internal/modules
  - internal/base
  - internal/datastore
  - internal/log
  - internal/remote_api
- name: google.golang.org/cloud
  version: 2e43671e4ad874a7bca65746ff3edb38e6e93762
  subpackages:
  - compute/metadata
  - internal
- name: google.golang.org/grpc
  version: 933601d8cd6418a8a891bd9075a7161b0a67badb
  subpackages:
  - codes
  - credentials
  - grpclog
  - metadata
  - naming
  - transport
  - peer
- name: gopkg.in/asn1-ber.v1
  version: 4e86f4367175e39f69d9358a5f17b4dda270378d
- name: gopkg.in/ldap.v2
  version: 07a7330929b9ee80495c88a4439657d89c7dbd87
- name: gopkg.in/yaml.v2
  version: d466437aa4adc35830964cffc5b5f262c63ddcb4
- name: k8s.io/heapster
  version: 0991ac528ea24aae194e45d6dcf01896cb42cbea
  subpackages:
  - api/v1/types
- name: k8s.io/kubernetes
  version: 91d3e753a4eca4e87462b7c9e5391ec94bb792d9
  repo: git@github.com:openshift/kubernetes.git
  vcs: git
  subpackages:
  - cmd/kube-apiserver/app
  - cmd/kube-controller-manager/app
  - cmd/kube-proxy/app
  - cmd/kubelet/app
  - pkg/admission
  - pkg/api
  - pkg/apimachinery
  - pkg/apis/abac
  - pkg/apis/authorization
  - pkg/apis/componentconfig
  - pkg/apis/extensions
  - pkg/apis/metrics
  - pkg/apiserver
  - pkg/auth/authenticator
  - pkg/auth/authorizer
  - pkg/auth/handlers
  - pkg/auth/user
  - pkg/capabilities
  - pkg/client/cache
  - pkg/client/chaosclient
  - pkg/client/clientset_generated/internalclientset
  - pkg/client/clientset_generated/release_1_2
  - pkg/client/leaderelection
  - pkg/client/metrics
  - pkg/client/record
  - pkg/client/testing/core
  - pkg/client/testing/fake
  - pkg/client/transport
  - pkg/client/typed/generated/core/unversioned
  - pkg/client/typed/generated/core/v1
  - pkg/client/typed/generated/extensions/unversioned
  - pkg/client/typed/generated/extensions/v1beta1
  - pkg/client/unversioned
  - pkg/cloudprovider
  - pkg/controller
  - pkg/conversion
  - pkg/credentialprovider
  - pkg/fieldpath
  - pkg/fields
  - pkg/genericapiserver
  - pkg/healthz
  - pkg/httplog
  - pkg/kubectl
  - pkg/kubelet
  - pkg/labels
  - pkg/master
  - pkg/metrics
  - pkg/probe
  - pkg/proxy
  - pkg/registry/cachesize
  - pkg/registry/componentstatus
  - pkg/registry/configmap
  - pkg/registry/controller
  - pkg/registry/daemonset
  - pkg/registry/deployment
  - pkg/registry/endpoint
  - pkg/registry/event
  - pkg/registry/experimental/controller/etcd
  - pkg/registry/generic
  - pkg/registry/horizontalpodautoscaler
  - pkg/registry/ingress
  - pkg/registry/job
  - pkg/registry/limitrange
  - pkg/registry/namespace
  - pkg/registry/node
  - pkg/registry/persistentvolume
  - pkg/registry/persistentvolumeclaim
  - pkg/registry/pod
  - pkg/registry/podsecuritypolicy
  - pkg/registry/podtemplate
  - pkg/registry/registrytest
  - pkg/registry/replicaset
  - pkg/registry/resourcequota
  - pkg/registry/secret
  - pkg/registry/securitycontextconstraints
  - pkg/registry/service
  - pkg/registry/serviceaccount
  - pkg/registry/thirdpartyresource
  - pkg/registry/thirdpartyresourcedata
  - pkg/runtime
  - pkg/securitycontext
  - pkg/securitycontextconstraints
  - pkg/serviceaccount
  - pkg/ssh
  - pkg/storage
  - pkg/types
  - pkg/util
  - pkg/util/term
  - pkg/version
  - pkg/volume
  - pkg/watch
  - plugin/cmd/kube-scheduler/app
  - plugin/pkg/admission/admit
  - plugin/pkg/admission/alwayspullimages
  - plugin/pkg/admission/deny
  - plugin/pkg/admission/exec
  - plugin/pkg/admission/initialresources
  - plugin/pkg/admission/limitranger
  - plugin/pkg/admission/namespace/autoprovision
  - plugin/pkg/admission/namespace/exists
  - plugin/pkg/admission/namespace/lifecycle
  - plugin/pkg/admission/persistentvolume/label
  - plugin/pkg/admission/resourcequota
  - plugin/pkg/admission/securitycontext/scdeny
  - plugin/pkg/admission/serviceaccount
  - plugin/pkg/auth/authenticator/password/passwordfile
  - plugin/pkg/auth/authenticator/request/basicauth
  - plugin/pkg/auth/authenticator/request/keystone
  - plugin/pkg/auth/authenticator/request/union
  - plugin/pkg/auth/authenticator/request/x509
  - plugin/pkg/auth/authenticator/token/oidc
  - plugin/pkg/auth/authenticator/token/tokenfile
  - plugin/pkg/scheduler
  - test/e2e
  - third_party/forked/json
  - third_party/forked/reflect
  - third_party/golang/expansion
  - third_party/golang/netutil
  - third_party/golang/template
  - cmd/kube-apiserver/app/options
  - cmd/kube-controller-manager/app/options
  - cmd/kube-proxy/app/options
  - cmd/kubelet/app/options
  - pkg/api/errors
  - pkg/api/install
  - pkg/api/meta
  - pkg/api/resource
  - pkg/api/rest
  - pkg/api/unversioned
  - pkg/api/v1
  - pkg/api/v1beta3
  - pkg/api/validation
  - pkg/apimachinery/registered
  - pkg/apis/extensions/install
  - pkg/apis/extensions/v1beta1
  - pkg/apis/extensions/validation
  - pkg/client/unversioned/clientcmd
  - pkg/client/unversioned/clientcmd/api
  - pkg/client/unversioned/portforward
  - pkg/client/unversioned/remotecommand
  - pkg/client/unversioned/testclient
  - pkg/controller/daemon
  - pkg/controller/endpoint
  - pkg/controller/framework
  - pkg/controller/job
  - pkg/controller/namespace
  - pkg/controller/node
  - pkg/controller/persistentvolume
  - pkg/controller/podautoscaler
  - pkg/controller/podautoscaler/metrics
  - pkg/controller/replication
  - pkg/controller/resourcequota
  - pkg/controller/serviceaccount
  - pkg/kubectl/cmd
  - pkg/kubectl/cmd/config
  - pkg/kubectl/cmd/util
  - pkg/kubectl/resource
  - pkg/kubelet/cadvisor
  - pkg/kubelet/client
  - pkg/kubelet/cm
  - pkg/kubelet/dockertools
  - pkg/kubelet/qos/util
  - pkg/kubelet/server
  - pkg/kubelet/types
  - pkg/master/ports
  - pkg/proxy/config
  - pkg/proxy/iptables
  - pkg/proxy/userspace
  - pkg/quota
  - pkg/quota/generic
  - pkg/quota/install
  - pkg/registry/generic/etcd
  - pkg/registry/generic/rest
  - pkg/registry/service/allocator
  - pkg/registry/service/allocator/etcd
  - pkg/registry/service/ipallocator
  - pkg/runtime/serializer
  - pkg/storage/etcd
  - pkg/storage/etcd/testing
  - pkg/storage/etcd/util
  - pkg/util/dbus
  - pkg/util/errors
  - pkg/util/exec
  - pkg/util/homedir
  - pkg/util/httpstream/spdy
  - pkg/util/interrupt
  - pkg/util/intstr
  - pkg/util/io
  - pkg/util/iptables
  - pkg/util/net
  - pkg/util/oom
  - pkg/util/rand
  - pkg/util/runtime
  - pkg/util/sets
  - pkg/util/strategicpatch
  - pkg/util/sysctl
  - pkg/util/validation
  - pkg/util/validation/field
  - pkg/util/wait
  - pkg/util/yaml
  - pkg/volume/aws_ebs
  - pkg/volume/cinder
  - pkg/volume/gce_pd
  - pkg/volume/host_path
  - pkg/volume/nfs
  - plugin/cmd/kube-scheduler/app/options
  - plugin/pkg/scheduler/algorithmprovider
  - plugin/pkg/scheduler/api
  - plugin/pkg/scheduler/api/latest
  - plugin/pkg/scheduler/factory
  - pkg/conversion/queryparams
  - pkg/util/json
  - pkg/api/util
  - pkg/util/parsers
  - pkg/api/unversioned/validation
  - pkg/apis/authorization/install
  - pkg/apis/componentconfig/install
  - pkg/apis/metrics/install
  - pkg/watch/json
  - pkg/apiserver/metrics
  - pkg/auth/authorizer/abac
  - pkg/auth/authorizer/union
  - pkg/probe/http
  - pkg/util/flushwriter
  - pkg/util/httpstream
  - pkg/util/proxy
  - pkg/util/wsstream
  - pkg/util/deployment
  - pkg/util/jsonpath
  - pkg/api/errors/etcd
  - pkg/client/unversioned/auth
  - pkg/client/unversioned/clientcmd/api/latest
  - pkg/runtime/serializer/json
  - pkg/kubectl/cmd/rollout
  - pkg/kubectl/cmd/util/editor
  - pkg/kubectl/cmd/util/jsonmerge
  - pkg/api/endpoints
  - pkg/util/node
  - pkg/kubelet/server/portforward
  - pkg/storage/etcd/metrics
  - pkg/runtime/serializer/recognizer
  - pkg/runtime/serializer/versioning
  - pkg/kubelet/qos
  - pkg/kubelet/network
  - pkg/cloudprovider/providers
  - pkg/cloudprovider/providers/aws
  - pkg/cloudprovider/providers/gce
  - pkg/cloudprovider/providers/openstack
  - pkg/controller/deployment
  - pkg/controller/gc
  - pkg/controller/replicaset
  - pkg/controller/route
  - pkg/controller/service
  - pkg/apis/componentconfig/v1alpha1
  - pkg/credentialprovider/aws
  - pkg/credentialprovider/gcp
  - pkg/kubelet/config
  - pkg/kubelet/container
  - pkg/kubelet/network/cni
  - pkg/kubelet/network/exec
  - pkg/kubelet/network/kubenet
  - pkg/util/flock
  - pkg/util/mount
  - pkg/volume/azure_file
  - pkg/volume/cephfs
  - pkg/volume/downwardapi
  - pkg/volume/empty_dir
  - pkg/volume/fc
  - pkg/volume/flexvolume
  - pkg/volume/flocker
  - pkg/volume/git_repo
  - pkg/volume/glusterfs
  - pkg/volume/iscsi
  - pkg/volume/persistent_claim
  - pkg/volume/rbd
  - pkg/volume/secret
  - pkg/util/workqueue
  - plugin/pkg/scheduler/algorithm/predicates
  - pkg/api/pod
  - pkg/kubelet/util/format
  - pkg/quota/evaluator/core
  - pkg/kubelet/custommetrics
  - pkg/kubelet/leaky
  - pkg/kubelet/lifecycle
  - pkg/kubelet/metrics
  - pkg/kubelet/network/hairpin
  - pkg/kubelet/prober/results
  - pkg/util/procfs
  - pkg/util/strings
  - pkg/kubelet/server/stats
  - pkg/util/limitwriter
  - pkg/registry/configmap/etcd
  - pkg/registry/controller/etcd
  - pkg/registry/daemonset/etcd
  - pkg/registry/deployment/etcd
  - pkg/registry/endpoint/etcd
  - pkg/registry/event/etcd
  - pkg/registry/horizontalpodautoscaler/etcd
  - pkg/registry/ingress/etcd
  - pkg/registry/job/etcd
  - pkg/registry/limitrange/etcd
  - pkg/registry/namespace/etcd
  - pkg/registry/node/etcd
  - pkg/registry/persistentvolume/etcd
  - pkg/registry/persistentvolumeclaim/etcd
  - pkg/registry/pod/etcd
  - pkg/registry/podsecuritypolicy/etcd
  - pkg/registry/podtemplate/etcd
  - pkg/registry/replicaset/etcd
  - pkg/registry/resourcequota/etcd
  - pkg/registry/secret/etcd
  - pkg/registry/securitycontextconstraints/etcd
  - pkg/registry/service/etcd
  - pkg/registry/service/ipallocator/controller
  - pkg/registry/service/portallocator
  - pkg/registry/service/portallocator/controller
  - pkg/registry/serviceaccount/etcd
  - pkg/registry/thirdpartyresource/etcd
  - pkg/registry/thirdpartyresourcedata/etcd
  - pkg/util/config
  - pkg/util/slice
  - pkg/util/chmod
  - pkg/util/chown
  - pkg/volume/util
  - pkg/util/keymutex
  - plugin/pkg/scheduler/algorithm
  - plugin/pkg/scheduler/metrics
  - plugin/pkg/scheduler/schedulercache
  - plugin/pkg/scheduler/algorithmprovider/defaults
  - plugin/pkg/scheduler/api/v1
  - plugin/pkg/scheduler/algorithm/priorities
  - plugin/pkg/scheduler/api/validation
  - pkg/apiserver/authenticator
  - pkg/securitycontextconstraints/capabilities
  - pkg/securitycontextconstraints/group
  - pkg/securitycontextconstraints/selinux
  - pkg/securitycontextconstraints/user
  - pkg/api/rest/resttest
  - pkg/api/testapi
  - pkg/storage/etcd/etcdtest
  - pkg/storage/testing
  - pkg/apis/authorization/v1beta1
  - pkg/apis/metrics/v1alpha1
  - pkg/apis/abac/latest
  - pkg/apis/abac/v0
  - pkg/util/labels
  - pkg/util/pod
  - pkg/client/unversioned/clientcmd/api/v1
  - pkg/util/hash
  - pkg/cloudprovider/providers/mesos
  - pkg/cloudprovider/providers/ovirt
  - pkg/cloudprovider/providers/rackspace
  - pkg/kubelet/envvars
  - pkg/kubelet/pleg
  - pkg/kubelet/pod
  - pkg/kubelet/prober
  - pkg/kubelet/rkt
  - pkg/kubelet/status
  - pkg/kubelet/util/queue
  - pkg/util/atomic
  - pkg/util/bandwidth
  - pkg/util/selinux
  - pkg/registry/pod/rest
  - pkg/auth/authenticator/bearertoken
  - pkg/apis/abac/v1beta1
  - pkg/probe/exec
  - pkg/probe/tcp
  - pkg/client/typed/generated/core/unversioned/fake
  - pkg/client/typed/generated/extensions/unversioned/fake
- name: speter.net/go/exp/math/dec/inf
  version: 42ca6cd68aa922bc3f32f1e056e61b65945d9ad7
devImports: []
