github.com/google/go-cmp v0.7.0 h1:wk8382ETsv4JYUZwIsn6YpYiWiBsYLSJiTsyBybVuN8=
github.com/google/go-cmp v0.7.0/go.mod h1:pXiqmnSA92OHEEa9HXL2W4E7lf9JzCmGVUdgjX3N/iU=
github.com/google/go-containerregistry v0.22.1 h1:RZuuSYhTvlDvtsK+NkutoCZ//C0X2ebLK8X8l3ULs84=
github.com/google/go-containerregistry v0.22.1/go.mod h1:bJR35SK8XgisYmhg/FMQ/5RK0S/XrOAqLBV5/LR2XE0=
github.com/opencontainers/go-digest v1.0.0 h1:apOUWs51W5PlhuyGyz9FCeeBIOUDA/6nW8Oi/yOhh5U=
github.com/opencontainers/go-digest v1.0.0/go.mod h1:0JzlMkj0TRzQZfJkVvzbP0HBR3IKzErnv2BNG4W4MAM=
github.com/secure-systems-lab/go-securesystemslib v0.11.1 h1:ayahDPjfSIqKegyt5YVGEvQ7SAi72GHXTy+b2YjUd5w=
github.com/secure-systems-lab/go-securesystemslib v0.11.1/go.mod h1:UyOjhoZLi76ir63u1ptubEevVe6dlNPmNxwgVvKqFFY=
github.com/sigstore/protobuf-specs v0.5.2 h1:RSWWUY8QrVTxbYH00jY/jg2e7YnjzrpwP+PeHTMll0E=
github.com/sigstore/protobuf-specs v0.5.2/go.mod h1:DRBzpFuE+LnvQMN10/dU6nBeKwVLGEQ6o2FovN2Rats=
github.com/sigstore/sigstore v1.11.0 h1:66TQEtd0aMw79qT9EiGnuOxgK6r8Kkpzszi3KUPGt7c=
github.com/sigstore/sigstore v1.11.0/go.mod h1:Q8tpy2X80KVswawYR0eTjWl3gM3AU+ak+h/NtPzRfWs=
github.com/stretchr/testify v1.12.1 h1:EuwCh5fleGS7H32xRwO3wRGT7DxrDhLAT6FF8MpWDWE=
github.com/stretchr/testify v1.12.1/go.mod h1:MDEgiDPPsNp5cuIrHPPCyornHKgEVbtFUmoNlxoYthg=
github.com/youmark/pkcs8 v0.0.0-20240726163527-a2c0da244d78 h1:ilQV1hzziu+LLM3zUTJ0trRztfwgjqKnBWNtSRkbmwM=
github.com/youmark/pkcs8 v0.0.0-20240726163527-a2c0da244d78/go.mod h1:aL8wCCfTfSfmXjznFBSZNN13rSJjlIOI1fUNAtF7rmI=
go.yaml.in/yaml/v3 v3.0.5 h1:N6y/pJk8buWs9NY5ERU2HSMfm+IuD/OtfdAnq6kESPw=
go.yaml.in/yaml/v3 v3.0.5/go.mod h1:HVTZu1O7/Vkt2N+BFy8Zza+lnLsABggaTM2ZpNIGuKg=
golang.org/x/crypto v0.55.0 h1:+KWHjbgOaAQ66dh/YlkZKHlz9ZUlq61AFirAR9ntP8M=
golang.org/x/crypto v0.55.0/go.mod h1:uq0V9dE/fzQuJtbnL+2EhWOE63vo164FY8xqEnV9xis=
golang.org/x/sys v0.47.0 h1:o7XGOvZQCADBQQ4Y7VNq2dRWQR7JmOUW8Kxx4ZsNgWs=
golang.org/x/sys v0.47.0/go.mod h1:4GL1E5IUh+htKOUEOaiffhrAeqysfVGipDYzABqnCmw=
golang.org/x/term v0.45.0 h1:NwWyBmoJCbfTHpxrWoZ9C6/VxOf7ic219I8xZZFdrf0=
golang.org/x/term v0.45.0/go.mod h1:9aqxs0blBcrm/n0L9QW0aRVD+ktan8ssZromtqJC43w=
google.golang.org/genproto/googleapis/api v0.0.0-20260727163830-6c54dddc4772 h1:4namukbyF7JY83aWHQwi9J5ugNTnDReLJ9ZcpqOpRB4=
google.golang.org/genproto/googleapis/api v0.0.0-20260727163830-6c54dddc4772/go.mod h1:1brfde68Npq6+WA75c1EHWPijZEG1kMus61ygPZfn4A=
google.golang.org/protobuf v1.36.12 h1:pJOKDDOyeXErUroCihFAd5LQuwXBSpVnKGrj5o/fwxc=
google.golang.org/protobuf v1.36.12/go.mod h1:HTf+CrKn2C3g5S8VImy6tdcUvCska2kB7j23XfzDpco=
