hash: 502f98c14ab2cdbf6d08cfc9fec04fee4c130b4db36a6f78a423939f7ee2cc26
updated: 2017-09-18T14:57:51.146532163-04:00
imports:
- name: bitbucket.org/ww/goautoneg
  version: 75cd24fc2f2c2a2088577d12123ddee5f54e0675
- name: cloud.google.com/go
  version: 3b1ae45394a234c385be014e9a488f2bb6eef821
  subpackages:
  - compute/metadata
  - internal
- name: github.com/aws/aws-sdk-go
  version: 63ce630574a5ec05ecd8e8de5cea16332a5a684d
  subpackages:
  - aws
  - aws/awserr
  - aws/awsutil
  - aws/client
  - aws/client/metadata
  - aws/corehandlers
  - aws/credentials
  - aws/credentials/ec2rolecreds
  - aws/credentials/endpointcreds
  - aws/credentials/stscreds
  - aws/defaults
  - aws/ec2metadata
  - aws/endpoints
  - aws/request
  - aws/session
  - aws/signer/v4
  - awstesting
  - awstesting/unit
  - private/protocol
  - private/protocol/ec2query
  - private/protocol/json/jsonutil
  - private/protocol/jsonrpc
  - private/protocol/query
  - private/protocol/query/queryutil
  - private/protocol/rest
  - private/protocol/restxml
  - private/protocol/xml/xmlutil
  - private/util
  - private/waiter
  - service/autoscaling
  - service/cloudfront/sign
  - service/ec2
  - service/ecr
  - service/elb
  - service/route53
  - service/s3
  - service/sts
- name: github.com/Azure/azure-sdk-for-go
  version: 0984e0641ae43b89283223034574d6465be93bf4
  subpackages:
  - arm/compute
  - arm/containerregistry
  - arm/network
  - arm/storage
  - storage
- name: github.com/Azure/go-autorest
  version: d7c034a8af24eda120dd6460bfcd6d9ed14e43ca
  subpackages:
  - autorest
  - autorest/azure
  - autorest/date
  - autorest/to
  - autorest/validation
- name: github.com/beorn7/perks
  version: 3ac7bf7a47d159a033b107610db8a1b6575507a4
  subpackages:
  - quantile
- name: github.com/blang/semver
  version: b38d23b8782a487059e8fc8773e9a5b228a77cb6
- name: github.com/bshuster-repo/logrus-logstash-hook
  version: 0e6d502573042a6563419fbcce4f284600bfe929
- name: github.com/coreos/etcd
  version: 61fc123e7a8b14a0a258aa3f5c4159861b1ec2e7
  subpackages:
  - alarm
  - auth
  - auth/authpb
  - client
  - clientv3
  - clientv3/concurrency
  - clientv3/namespace
  - clientv3/naming
  - compactor
  - discovery
  - embed
  - error
  - etcdserver
  - etcdserver/api
  - etcdserver/api/v2http
  - etcdserver/api/v2http/httptypes
  - etcdserver/api/v3client
  - etcdserver/api/v3election
  - etcdserver/api/v3election/v3electionpb
  - etcdserver/api/v3election/v3electionpb/gw
  - etcdserver/api/v3lock
  - etcdserver/api/v3lock/v3lockpb
  - etcdserver/api/v3lock/v3lockpb/gw
  - etcdserver/api/v3rpc
  - etcdserver/api/v3rpc/rpctypes
  - etcdserver/auth
  - etcdserver/etcdserverpb
  - etcdserver/etcdserverpb/gw
  - etcdserver/membership
  - etcdserver/stats
  - integration
  - lease
  - lease/leasehttp
  - lease/leasepb
  - mvcc
  - mvcc/backend
  - mvcc/mvccpb
  - pkg/adt
  - pkg/contention
  - pkg/cors
  - pkg/cpuutil
  - pkg/crc
  - pkg/debugutil
  - pkg/fileutil
  - pkg/httputil
  - pkg/idutil
  - pkg/ioutil
  - pkg/logutil
  - pkg/monotime
  - pkg/netutil
  - pkg/osutil
  - pkg/pathutil
  - pkg/pbutil
  - pkg/runtime
  - pkg/schedule
  - pkg/srv
  - pkg/testutil
  - pkg/tlsutil
  - pkg/transport
  - pkg/types
  - pkg/wait
  - proxy/grpcproxy
  - proxy/grpcproxy/adapter
  - proxy/grpcproxy/cache
  - raft
  - raft/raftpb
  - rafthttp
  - snap
  - snap/snappb
  - store
  - version
  - wal
  - wal/walpb
- name: github.com/coreos/go-semver
  version: d043ae190b3202550d026daf009359bb5d761672
  subpackages:
  - semver
- name: github.com/coreos/go-systemd
  version: 48702e0da86bd25e76cfef347e2adeb434a0d0a6
  subpackages:
  - daemon
  - dbus
  - journal
  - unit
  - util
- name: github.com/davecgh/go-spew
  version: 5215b55f46b2b919f50a1df0eaa5886afe4e3b3d
  subpackages:
  - spew
- name: github.com/denverdino/aliyungo
  version: afedced274aa9a7fcdd47ac97018f0f8db4e5de2
  subpackages:
  - common
  - oss
  - util
- name: github.com/dgrijalva/jwt-go
  version: 01aeca54ebda6e0fbfafd0a524d234159c05ec20
- name: github.com/docker/distribution
  version: 1e2bbed6e09c6c8047f52af965a6e301f346d04e
  repo: https://github.com/openshift/docker-distribution
  subpackages:
  - configuration
  - context
  - digest
  - health
  - health/checks
  - manifest
  - manifest/manifestlist
  - manifest/schema1
  - manifest/schema2
  - notifications
  - reference
  - registry/api/errcode
  - registry/api/v2
  - registry/auth
  - registry/auth/htpasswd
  - registry/auth/token
  - registry/client
  - registry/client/auth
  - registry/client/auth/challenge
  - registry/client/transport
  - registry/handlers
  - registry/middleware/registry
  - registry/middleware/repository
  - registry/proxy
  - registry/proxy/scheduler
  - registry/storage
  - registry/storage/cache
  - registry/storage/cache/memory
  - registry/storage/cache/redis
  - registry/storage/driver
  - registry/storage/driver/azure
  - registry/storage/driver/base
  - registry/storage/driver/factory
  - registry/storage/driver/filesystem
  - registry/storage/driver/gcs
  - registry/storage/driver/inmemory
  - registry/storage/driver/middleware
  - registry/storage/driver/middleware/cloudfront
  - registry/storage/driver/oss
  - registry/storage/driver/s3-aws
  - registry/storage/driver/swift
  - uuid
  - version
- name: github.com/docker/engine-api
  version: dea108d3aa0c67d7162a3fd8aa65f38a430019fd
  subpackages:
  - client
  - client/transport
  - client/transport/cancellable
  - types
  - types/blkiodev
  - types/container
  - types/filters
  - types/network
  - types/reference
  - types/registry
  - types/strslice
  - types/time
  - types/versions
- name: github.com/docker/go-connections
  version: f549a9393d05688dff0992ef3efd8bbe6c628aeb
  subpackages:
  - nat
  - sockets
  - tlsconfig
- name: github.com/docker/go-units
  version: e30f1e79f3cd72542f2026ceec18d3bd67ab859c
- name: github.com/docker/libtrust
  version: c54fbb67c1f1e68d7d6f8d2ad7c9360404616a41
- name: github.com/elazarl/go-bindata-assetfs
  version: 3dcc96556217539f50599357fb481ac0dc7439b9
- name: github.com/emicklei/go-restful
  version: ff4f55a206334ef123e4f79bbf348980da81ca46
  subpackages:
  - log
- name: github.com/emicklei/go-restful-swagger12
  version: 885875a92c2ab7d6222e257e41f6ca2c1f010b4e
  repo: https://github.com/openshift/emicklei-go-restful-swagger12
- name: github.com/evanphx/json-patch
  version: ba18e35c5c1b36ef6334cad706eb681153d2d379
- name: github.com/exponent-io/jsonpath
  version: d6023ce2651d8eafb5c75bb0c7167536102ec9f5
- name: github.com/fatih/camelcase
  version: f6a740d52f961c60348ebb109adde9f4635d7540
- name: github.com/fsouza/go-dockerclient
  version: 3f9370a4738ba8d0ed6eea63582ca6db5eb48032
  subpackages:
  - external/github.com/Sirupsen/logrus
  - external/github.com/docker/docker/opts
  - external/github.com/docker/docker/pkg/archive
  - external/github.com/docker/docker/pkg/fileutils
  - external/github.com/docker/docker/pkg/homedir
  - external/github.com/docker/docker/pkg/idtools
  - external/github.com/docker/docker/pkg/ioutils
  - external/github.com/docker/docker/pkg/longpath
  - external/github.com/docker/docker/pkg/pools
  - external/github.com/docker/docker/pkg/promise
  - external/github.com/docker/docker/pkg/stdcopy
  - external/github.com/docker/docker/pkg/system
  - external/github.com/docker/go-units
  - external/github.com/hashicorp/go-cleanhttp
  - external/github.com/opencontainers/runc/libcontainer/user
  - external/golang.org/x/net/context
  - external/golang.org/x/sys/unix
- name: github.com/garyburd/redigo
  version: b8dc90050f24c1a73a52f107f3f575be67b21b7c
  subpackages:
  - internal
  - redis
- name: github.com/getsentry/raven-go
  version: 86cd4063c535cbbcbf43d84424dbd5911ab1b818
- name: github.com/ghodss/yaml
  version: 73d445a93680fa1a78ae23a5839bad48f32ba1ee
- name: github.com/go-ini/ini
  version: 2e44421e256d82ebbf3d4d4fcabe8930b905eff3
- name: github.com/go-openapi/analysis
  version: b44dc874b601d9e4e2f6e19140e794ba24bead3b
- name: github.com/go-openapi/jsonpointer
  version: 46af16f9f7b149af66e5d1bd010e3574dc06de98
- name: github.com/go-openapi/jsonreference
  version: 13c6e3589ad90f49bd3e3bbe2c2cb3d7a4142272
- name: github.com/go-openapi/loads
  version: 18441dfa706d924a39a030ee2c3b1d8d81917b38
  subpackages:
  - fmts
- name: github.com/go-openapi/spec
  version: 6aced65f8501fe1217321abf0749d354824ba2ff
- name: github.com/go-openapi/swag
  version: 1d0bd113de87027671077d3c71eb3ac5d7dbba72
- name: github.com/gogo/protobuf
  version: c0656edd0d9eab7c66d1eb0c568f9039345796f7
  subpackages:
  - gogoproto
  - plugin/compare
  - plugin/defaultcheck
  - plugin/description
  - plugin/embedcheck
  - plugin/enumstringer
  - plugin/equal
  - plugin/face
  - plugin/gostring
  - plugin/marshalto
  - plugin/oneofcheck
  - plugin/populate
  - plugin/size
  - plugin/stringer
  - plugin/testgen
  - plugin/union
  - plugin/unmarshal
  - proto
  - protoc-gen-gogo/descriptor
  - protoc-gen-gogo/generator
  - protoc-gen-gogo/grpc
  - protoc-gen-gogo/plugin
  - sortkeys
  - vanity
  - vanity/command
- name: github.com/golang/glog
  version: 44145f04b68cf362d9c4df2182967c2275eaefed
- name: github.com/golang/groupcache
  version: 02826c3e79038b59d737d3b1c0a1d937f71a4433
  subpackages:
  - lru
- name: github.com/golang/protobuf
  version: 4bd1920723d7b7c925de087aa32e2187708897f7
  subpackages:
  - jsonpb
  - proto
  - ptypes
  - ptypes/any
  - ptypes/duration
  - ptypes/timestamp
- name: github.com/gonum/blas
  version: 80dca99229cccca259b550ae3f755cf79c65a224
  subpackages:
  - blas64
  - native
  - native/internal/math32
- name: github.com/gonum/graph
  version: bde6d0fbd9dec5a997e906611fe0364001364c41
  subpackages:
  - concrete
  - encoding/dot
  - internal
  - path
  - topo
  - traverse
- name: github.com/gonum/internal
  version: 5b84ddfb9d3e72d73b8de858c97650be140935c0
  subpackages:
  - asm
- name: github.com/gonum/lapack
  version: 88ec467285859a6cd23900147d250a8af1f38b10
  subpackages:
  - lapack64
  - native
- name: github.com/gonum/matrix
  version: fb1396264e2e259ff714a408a7b0142d238b198d
  subpackages:
  - mat64
- name: github.com/google/gofuzz
  version: 44d81051d367757e1c7c6a5a86423ece9afcf63c
- name: github.com/googleapis/gnostic
  version: 0c5108395e2debce0d731cf0287ddf7242066aba
  subpackages:
  - OpenAPIv2
  - compiler
  - extensions
- name: github.com/gorilla/context
  version: 215affda49addc4c8ef7e2534915df2c8c35c6cd
- name: github.com/gorilla/handlers
  version: 4ef72b2795a418935d497c8db213080be06f8850
- name: github.com/gorilla/mux
  version: 8096f47503459bcc74d1f4c487b7e6e42e5746b5
- name: github.com/hashicorp/golang-lru
  version: a0d98a5f288019575c6d1f4bb1573fef2d1fcdc4
  subpackages:
  - simplelru
- name: github.com/howeyc/gopass
  version: bf9dde6d0d2c004a008c27aaee91170c786f6db8
- name: github.com/imdario/mergo
  version: 6633656539c1639d9d78127b7d47c622b5d7b6dc
- name: github.com/inconshreveable/mousetrap
  version: 76626ae9c91c4f2a10f34cad8ce83ea42c93bb75
- name: github.com/jmespath/go-jmespath
  version: 3433f3ea46d9f8019119e7dd41274e112a2359a9
- name: github.com/juju/ratelimit
  version: 5b9ff866471762aa2ab2dced63c9fb6f53921342
- name: github.com/mailru/easyjson
  version: e978125a7e335d8f4db746a9ac5b44643f27416b
  subpackages:
  - buffer
  - jlexer
  - jwriter
- name: github.com/MakeNowJust/heredoc
  version: 1d91351acdc1cb2f2c995864674b754134b86ca7
- name: github.com/matttproud/golang_protobuf_extensions
  version: fc2b8d3a73c4867e51861bbdd5ae3c1f0869dd6a
  subpackages:
  - pbutil
- name: github.com/mitchellh/mapstructure
  version: 53818660ed4955e899c0bcafa97299a388bd7c8e
- name: github.com/ncw/swift
  version: ce444d6d47c51d4dda9202cd38f5094dd8e27e86
- name: github.com/openshift/client-go
  version: 366b6b383c34b799416c3cab697899bf9016b4d1
- name: github.com/openshift/origin
  version: 8f8b25b74a12b40073ee222d06154769bea05390
  subpackages:
  - pkg/api
  - pkg/api/extension
  - pkg/api/graph
  - pkg/api/graph/graphview
  - pkg/api/install
  - pkg/api/kubegraph
  - pkg/api/kubegraph/analysis
  - pkg/api/kubegraph/nodes
  - pkg/api/latest
  - pkg/api/legacy
  - pkg/apps/apis/apps
  - pkg/apps/apis/apps/install
  - pkg/apps/apis/apps/v1
  - pkg/apps/cmd
  - pkg/apps/generated/internalclientset
  - pkg/apps/generated/internalclientset/scheme
  - pkg/apps/generated/internalclientset/typed/apps/internalversion
  - pkg/apps/graph
  - pkg/apps/graph/analysis
  - pkg/apps/graph/nodes
  - pkg/apps/util
  - pkg/authorization/apis/authorization
  - pkg/authorization/apis/authorization/install
  - pkg/authorization/apis/authorization/v1
  - pkg/authorization/generated/internalclientset/scheme
  - pkg/authorization/generated/internalclientset/typed/authorization/internalversion
  - pkg/authorization/reaper
  - pkg/build/apis/build
  - pkg/build/apis/build/install
  - pkg/build/apis/build/v1
  - pkg/build/cmd
  - pkg/build/controller/build/defaults/api
  - pkg/build/controller/build/defaults/api/install
  - pkg/build/controller/build/defaults/api/v1
  - pkg/build/controller/build/overrides/api
  - pkg/build/controller/build/overrides/api/install
  - pkg/build/controller/build/overrides/api/v1
  - pkg/build/generated/listers/build/internalversion
  - pkg/build/graph
  - pkg/build/graph/analysis
  - pkg/build/graph/nodes
  - pkg/build/util
  - pkg/client
  - pkg/client/testclient
  - pkg/cmd/dockerregistry
  - pkg/cmd/flagtypes
  - pkg/cmd/server/api
  - pkg/cmd/server/api/install
  - pkg/cmd/server/api/v1
  - pkg/cmd/server/bootstrappolicy
  - pkg/cmd/server/crypto
  - pkg/cmd/util
  - pkg/cmd/util/clientcmd
  - pkg/cmd/util/pem
  - pkg/cmd/util/prefixwriter
  - pkg/cmd/util/serviceability
  - pkg/dockerregistry/server
  - pkg/dockerregistry/server/api
  - pkg/dockerregistry/server/audit
  - pkg/dockerregistry/server/client
  - pkg/dockerregistry/server/configuration
  - pkg/dockerregistry/server/maxconnections
  - pkg/dockerregistry/server/metrics
  - pkg/dockerregistry/server/prune
  - pkg/image/admission
  - pkg/image/admission/imagepolicy/api
  - pkg/image/admission/imagepolicy/api/install
  - pkg/image/admission/imagepolicy/api/v1
  - pkg/image/apis/image
  - pkg/image/apis/image/docker10
  - pkg/image/apis/image/dockerpre012
  - pkg/image/apis/image/install
  - pkg/image/apis/image/v1
  - pkg/image/generated/clientset/scheme
  - pkg/image/generated/clientset/typed/image/v1
  - pkg/image/generated/clientset/typed/image/v1/fake
  - pkg/image/generated/internalclientset/scheme
  - pkg/image/generated/internalclientset/typed/image/internalversion
  - pkg/image/graph
  - pkg/image/graph/nodes
  - pkg/image/importer
  - pkg/image/importer/dockerv1client
  - pkg/image/reference
  - pkg/image/util
  - pkg/ingress/admission/api
  - pkg/ingress/admission/api/install
  - pkg/ingress/admission/api/v1
  - pkg/network/apis/network
  - pkg/network/apis/network/install
  - pkg/network/apis/network/v1
  - pkg/network/generated/internalclientset/scheme
  - pkg/network/generated/internalclientset/typed/network/internalversion
  - pkg/oauth/apis/oauth
  - pkg/oauth/apis/oauth/install
  - pkg/oauth/apis/oauth/v1
  - pkg/oc/cli/cmd/errors
  - pkg/oc/cli/config
  - pkg/oc/cli/describe
  - pkg/oc/errors
  - pkg/project/admission/requestlimit/api
  - pkg/project/admission/requestlimit/api/install
  - pkg/project/admission/requestlimit/api/v1
  - pkg/project/apis/project
  - pkg/project/apis/project/helpers
  - pkg/project/apis/project/install
  - pkg/project/apis/project/v1
  - pkg/quota/admission/clusterresourceoverride/api
  - pkg/quota/admission/clusterresourceoverride/api/install
  - pkg/quota/admission/clusterresourceoverride/api/v1
  - pkg/quota/admission/runonceduration/api
  - pkg/quota/admission/runonceduration/api/install
  - pkg/quota/admission/runonceduration/api/v1
  - pkg/quota/apis/quota
  - pkg/quota/apis/quota/install
  - pkg/quota/apis/quota/v1
  - pkg/quota/generated/internalclientset/scheme
  - pkg/quota/generated/internalclientset/typed/quota/internalversion
  - pkg/quota/util
  - pkg/route/apis/route
  - pkg/route/apis/route/install
  - pkg/route/apis/route/v1
  - pkg/route/generator
  - pkg/route/graph
  - pkg/route/graph/analysis
  - pkg/route/graph/nodes
  - pkg/scheduler/admission/podnodeconstraints/api
  - pkg/scheduler/admission/podnodeconstraints/api/install
  - pkg/scheduler/admission/podnodeconstraints/api/v1
  - pkg/security/apis/security
  - pkg/security/apis/security/install
  - pkg/security/apis/security/v1
  - pkg/security/legacyclient
  - pkg/security/securitycontextconstraints/util
  - pkg/template/apis/template
  - pkg/template/apis/template/install
  - pkg/template/apis/template/v1
  - pkg/user/apis/user
  - pkg/user/apis/user/install
  - pkg/user/apis/user/v1
  - pkg/user/apis/user/validation
  - pkg/user/generated/clientset/scheme
  - pkg/user/generated/clientset/typed/user/v1
  - pkg/user/generated/internalclientset/scheme
  - pkg/user/generated/internalclientset/typed/user/internalversion
  - pkg/user/reaper
  - pkg/util
  - pkg/util/dot
  - pkg/util/errors
  - pkg/util/httprequest
  - pkg/util/namer
  - pkg/util/parallel
  - pkg/version
- name: github.com/openshift/source-to-image
  version: 06c9446cd6b580cbcb13a1489efcb3e943b470af
  subpackages:
  - pkg/api
  - pkg/api/describe
  - pkg/api/validation
  - pkg/build
  - pkg/build/strategies
  - pkg/build/strategies/layered
  - pkg/build/strategies/onbuild
  - pkg/build/strategies/sti
  - pkg/docker
  - pkg/errors
  - pkg/ignore
  - pkg/scm
  - pkg/scm/downloaders
  - pkg/scm/downloaders/empty
  - pkg/scm/downloaders/file
  - pkg/scm/downloaders/git
  - pkg/scm/git
  - pkg/scripts
  - pkg/tar
  - pkg/util
  - pkg/util/cmd
  - pkg/util/cygpath
  - pkg/util/fs
  - pkg/util/glog
  - pkg/util/interrupt
  - pkg/util/status
  - pkg/util/user
- name: github.com/pborman/uuid
  version: ca53cad383cad2479bbba7f7a1a05797ec1386e4
- name: github.com/pkg/errors
  version: a22138067af1c4942683050411a841ade67fe1eb
- name: github.com/pkg/profile
  version: c795610ec6e479e5795f7852db65ea15073674a6
- name: github.com/prometheus/client_golang
  version: e7e903064f5e9eb5da98208bae10b475d4db0f8c
  subpackages:
  - prometheus
  - prometheus/promhttp
- name: github.com/prometheus/client_model
  version: fa8ad6fec33561be4280a8f0514318c79d7f6cb6
  subpackages:
  - go
- name: github.com/prometheus/common
  version: 13ba4ddd0caa9c28ca7b7bffe1dfa9ed8d5ef207
  subpackages:
  - expfmt
  - internal/bitbucket.org/ww/goautoneg
  - model
- name: github.com/prometheus/procfs
  version: 65c1f6f8f0fc1e2185eb9863a3bc751496404259
  subpackages:
  - xfs
- name: github.com/PuerkitoBio/purell
  version: 8a290539e2e8629dbc4e6bad948158f790ec31f4
- name: github.com/PuerkitoBio/urlesc
  version: 5bd2802263f21d8788851d5305584c82a5c75d7e
- name: github.com/Sirupsen/logrus
  version: aaf92c95712104318fc35409745f1533aa5ff327
- name: github.com/spf13/cobra
  version: 7c674d9e72017ed25f6d2b5e497a1368086b6a6f
  subpackages:
  - doc
- name: github.com/spf13/pflag
  version: 9ff6c6923cfffbcd502984b8e0c80539a94968b7
- name: github.com/stevvooe/resumable
  version: 51ad44105773cafcbe91927f70ac68e1bf78f8b4
  subpackages:
  - sha256
  - sha512
- name: github.com/ugorji/go
  version: ded73eae5db7e7a0ef6f55aace87a2873c5d2b74
  subpackages:
  - codec
- name: golang.org/x/crypto
  version: d172538b2cfce0c13cee31e647d0367aa8cd2486
  subpackages:
  - bcrypt
  - blowfish
  - cast5
  - curve25519
  - ed25519
  - ed25519/internal/edwards25519
  - nacl/secretbox
  - openpgp
  - openpgp/armor
  - openpgp/elgamal
  - openpgp/errors
  - openpgp/packet
  - openpgp/s2k
  - pkcs12
  - pkcs12/internal/rc2
  - poly1305
  - salsa20/salsa
  - ssh
  - ssh/terminal
- name: golang.org/x/net
  version: f2499483f923065a842d38eb4c7f1927e6fc6e6d
  subpackages:
  - context
  - context/ctxhttp
  - html
  - html/atom
  - http2
  - http2/hpack
  - idna
  - internal/timeseries
  - lex/httplex
  - proxy
  - trace
  - websocket
- name: golang.org/x/oauth2
  version: a6bd8cefa1811bd24b86f8902872e4e8225f74c4
  subpackages:
  - google
  - internal
  - jws
  - jwt
- name: golang.org/x/sys
  version: 8d1157a435470616f975ff9bb013bea8d0962067
  subpackages:
  - unix
  - windows
- name: golang.org/x/text
  version: ceefd2213ed29504fff30155163c8f59827734f3
  subpackages:
  - cases
  - encoding
  - encoding/internal
  - encoding/internal/identifier
  - encoding/unicode
  - internal/tag
  - internal/utf8internal
  - language
  - runes
  - secure/bidirule
  - secure/precis
  - transform
  - unicode/bidi
  - unicode/norm
  - width
- name: google.golang.org/api
  version: e3824ed33c72bf7e81da0286772c34b987520914
  subpackages:
  - cloudmonitoring/v2beta2
  - compute/v0.beta
  - compute/v1
  - container/v1
  - dns/v1
  - gensupport
  - googleapi
  - googleapi/internal/uritemplates
  - logging/v2beta1
  - monitoring/v3
  - pubsub/v1
  - storage/v1
- name: google.golang.org/appengine
  version: 12d5545dc1cfa6047a286d5e853841b6471f4c19
  subpackages:
  - internal
  - internal/app_identity
  - internal/base
  - internal/datastore
  - internal/log
  - internal/modules
  - internal/remote_api
  - internal/urlfetch
  - urlfetch
- name: google.golang.org/cloud
  version: eb47ba841d53d93506cfbfbc03927daf9cc48f88
  subpackages:
  - internal
  - internal/opts
  - internal/transport
  - storage
- name: google.golang.org/grpc
  version: 777daa17ff9b5daef1cfdf915088a2ada3332bf0
  subpackages:
  - codes
  - credentials
  - credentials/oauth
  - grpclog
  - internal
  - metadata
  - naming
  - peer
  - transport
- name: gopkg.in/inf.v0
  version: 3887ee99ecf07df5b447e9b00d9c0b2adaa9f3e4
- name: gopkg.in/yaml.v2
  version: a83829b6f1293c91addabc89d0571c246397bbf4
- name: k8s.io/apimachinery
  version: d94079dd24acb2c6f772ae5cff9e0fd9b824789c
  repo: https://github.com/openshift/kubernetes-apimachinery
  subpackages:
  - pkg/api/equality
  - pkg/api/errors
  - pkg/api/meta
  - pkg/api/resource
  - pkg/api/validation
  - pkg/api/validation/path
  - pkg/apimachinery
  - pkg/apimachinery/announced
  - pkg/apimachinery/registered
  - pkg/apis/meta/internalversion
  - pkg/apis/meta/v1
  - pkg/apis/meta/v1/unstructured
  - pkg/apis/meta/v1/validation
  - pkg/apis/meta/v1alpha1
  - pkg/conversion
  - pkg/conversion/queryparams
  - pkg/conversion/unstructured
  - pkg/fields
  - pkg/labels
  - pkg/openapi
  - pkg/runtime
  - pkg/runtime/schema
  - pkg/runtime/serializer
  - pkg/runtime/serializer/json
  - pkg/runtime/serializer/protobuf
  - pkg/runtime/serializer/recognizer
  - pkg/runtime/serializer/streaming
  - pkg/runtime/serializer/versioning
  - pkg/selection
  - pkg/types
  - pkg/util/cache
  - pkg/util/clock
  - pkg/util/diff
  - pkg/util/errors
  - pkg/util/framer
  - pkg/util/httpstream
  - pkg/util/intstr
  - pkg/util/json
  - pkg/util/mergepatch
  - pkg/util/net
  - pkg/util/rand
  - pkg/util/runtime
  - pkg/util/sets
  - pkg/util/strategicpatch
  - pkg/util/uuid
  - pkg/util/validation
  - pkg/util/validation/field
  - pkg/util/wait
  - pkg/util/yaml
  - pkg/version
  - pkg/watch
  - third_party/forked/golang/json
  - third_party/forked/golang/netutil
  - third_party/forked/golang/reflect
- name: k8s.io/apiserver
  version: 590da3fe5bbdb540e3c1900a76182c34e02985da
  repo: https://github.com/openshift/kubernetes-apiserver
  subpackages:
  - pkg/admission
  - pkg/admission/initializer
  - pkg/admission/plugin/namespace/lifecycle
  - pkg/apis/apiserver
  - pkg/apis/apiserver/install
  - pkg/apis/apiserver/v1alpha1
  - pkg/apis/audit
  - pkg/apis/audit/v1alpha1
  - pkg/apis/audit/validation
  - pkg/audit
  - pkg/audit/policy
  - pkg/authentication/authenticator
  - pkg/authentication/authenticatorfactory
  - pkg/authentication/group
  - pkg/authentication/request/anonymous
  - pkg/authentication/request/bearertoken
  - pkg/authentication/request/headerrequest
  - pkg/authentication/request/union
  - pkg/authentication/request/websocket
  - pkg/authentication/request/x509
  - pkg/authentication/serviceaccount
  - pkg/authentication/token/tokenfile
  - pkg/authentication/user
  - pkg/authorization/authorizer
  - pkg/authorization/authorizerfactory
  - pkg/authorization/union
  - pkg/endpoints
  - pkg/endpoints/discovery
  - pkg/endpoints/filters
  - pkg/endpoints/handlers
  - pkg/endpoints/handlers/negotiation
  - pkg/endpoints/handlers/responsewriters
  - pkg/endpoints/metrics
  - pkg/endpoints/openapi
  - pkg/endpoints/request
  - pkg/features
  - pkg/registry/generic
  - pkg/registry/generic/registry
  - pkg/registry/rest
  - pkg/server
  - pkg/server/filters
  - pkg/server/healthz
  - pkg/server/httplog
  - pkg/server/mux
  - pkg/server/openapi
  - pkg/server/routes
  - pkg/server/routes/data/swagger
  - pkg/server/storage
  - pkg/storage
  - pkg/storage/errors
  - pkg/storage/etcd
  - pkg/storage/etcd/metrics
  - pkg/storage/etcd/util
  - pkg/storage/etcd3
  - pkg/storage/names
  - pkg/storage/storagebackend
  - pkg/storage/storagebackend/factory
  - pkg/storage/value
  - pkg/util/feature
  - pkg/util/flag
  - pkg/util/flushwriter
  - pkg/util/proxy
  - pkg/util/trace
  - pkg/util/trie
  - pkg/util/webhook
  - pkg/util/wsstream
  - plugin/pkg/authenticator/token/webhook
  - plugin/pkg/authorizer/webhook
- name: k8s.io/client-go
  version: 277baf9ff1eb23f3c80dc8c28d99b1833b44d311
  repo: https://github.com/openshift/kubernetes-client-go
  subpackages:
  - discovery
  - discovery/fake
  - dynamic
  - informers
  - informers/admissionregistration
  - informers/admissionregistration/v1alpha1
  - informers/apps
  - informers/apps/v1beta1
  - informers/autoscaling
  - informers/autoscaling/v1
  - informers/autoscaling/v2alpha1
  - informers/batch
  - informers/batch/v1
  - informers/batch/v2alpha1
  - informers/certificates
  - informers/certificates/v1beta1
  - informers/core
  - informers/core/v1
  - informers/extensions
  - informers/extensions/v1beta1
  - informers/internalinterfaces
  - informers/networking
  - informers/networking/v1
  - informers/policy
  - informers/policy/v1beta1
  - informers/rbac
  - informers/rbac/v1alpha1
  - informers/rbac/v1beta1
  - informers/settings
  - informers/settings/v1alpha1
  - informers/storage
  - informers/storage/v1
  - informers/storage/v1beta1
  - kubernetes
  - kubernetes/scheme
  - kubernetes/typed/admissionregistration/v1alpha1
  - kubernetes/typed/apps/v1beta1
  - kubernetes/typed/authentication/v1
  - kubernetes/typed/authentication/v1beta1
  - kubernetes/typed/authorization/v1
  - kubernetes/typed/authorization/v1beta1
  - kubernetes/typed/autoscaling/v1
  - kubernetes/typed/autoscaling/v2alpha1
  - kubernetes/typed/batch/v1
  - kubernetes/typed/batch/v2alpha1
  - kubernetes/typed/certificates/v1beta1
  - kubernetes/typed/core/v1
  - kubernetes/typed/extensions/v1beta1
  - kubernetes/typed/networking/v1
  - kubernetes/typed/policy/v1beta1
  - kubernetes/typed/rbac/v1alpha1
  - kubernetes/typed/rbac/v1beta1
  - kubernetes/typed/settings/v1alpha1
  - kubernetes/typed/storage/v1
  - kubernetes/typed/storage/v1beta1
  - listers/admissionregistration/v1alpha1
  - listers/apps/v1beta1
  - listers/autoscaling/v1
  - listers/autoscaling/v2alpha1
  - listers/batch/v1
  - listers/batch/v2alpha1
  - listers/certificates/v1beta1
  - listers/core/v1
  - listers/extensions/v1beta1
  - listers/networking/v1
  - listers/policy/v1beta1
  - listers/rbac/v1alpha1
  - listers/rbac/v1beta1
  - listers/settings/v1alpha1
  - listers/storage/v1
  - listers/storage/v1beta1
  - pkg/api
  - pkg/api/v1
  - pkg/api/v1/ref
  - pkg/apis/admissionregistration
  - pkg/apis/admissionregistration/v1alpha1
  - pkg/apis/apps
  - pkg/apis/apps/v1beta1
  - pkg/apis/authentication
  - pkg/apis/authentication/v1
  - pkg/apis/authentication/v1beta1
  - pkg/apis/authorization
  - pkg/apis/authorization/v1
  - pkg/apis/authorization/v1beta1
  - pkg/apis/autoscaling
  - pkg/apis/autoscaling/v1
  - pkg/apis/autoscaling/v2alpha1
  - pkg/apis/batch
  - pkg/apis/batch/v1
  - pkg/apis/batch/v2alpha1
  - pkg/apis/certificates
  - pkg/apis/certificates/v1beta1
  - pkg/apis/extensions
  - pkg/apis/extensions/v1beta1
  - pkg/apis/networking
  - pkg/apis/networking/v1
  - pkg/apis/policy
  - pkg/apis/policy/v1beta1
  - pkg/apis/rbac
  - pkg/apis/rbac/v1alpha1
  - pkg/apis/rbac/v1beta1
  - pkg/apis/settings
  - pkg/apis/settings/v1alpha1
  - pkg/apis/storage
  - pkg/apis/storage/v1
  - pkg/apis/storage/v1beta1
  - pkg/util
  - pkg/util/parsers
  - pkg/version
  - plugin/pkg/client/auth
  - plugin/pkg/client/auth/azure
  - plugin/pkg/client/auth/gcp
  - plugin/pkg/client/auth/oidc
  - rest
  - rest/watch
  - testing
  - third_party/forked/golang/template
  - tools/auth
  - tools/cache
  - tools/clientcmd
  - tools/clientcmd/api
  - tools/clientcmd/api/latest
  - tools/clientcmd/api/v1
  - tools/metrics
  - tools/record
  - transport
  - util/cert
  - util/flowcontrol
  - util/homedir
  - util/integer
  - util/jsonpath
  - util/workqueue
- name: k8s.io/kubernetes
  version: 2d49eddc730605dfd5a3cffd409ed74c6769a284
  repo: https://github.com/openshift/kubernetes
  subpackages:
  - cmd/kubeadm/app/apis/kubeadm
  - federation/apis/federation
  - federation/apis/federation/install
  - federation/apis/federation/v1beta1
  - federation/client/clientset_generated/federation_internalclientset
  - federation/client/clientset_generated/federation_internalclientset/scheme
  - federation/client/clientset_generated/federation_internalclientset/typed/autoscaling/internalversion
  - federation/client/clientset_generated/federation_internalclientset/typed/batch/internalversion
  - federation/client/clientset_generated/federation_internalclientset/typed/core/internalversion
  - federation/client/clientset_generated/federation_internalclientset/typed/extensions/internalversion
  - federation/client/clientset_generated/federation_internalclientset/typed/federation/internalversion
  - pkg/api
  - pkg/api/events
  - pkg/api/helper
  - pkg/api/helper/qos
  - pkg/api/install
  - pkg/api/pod
  - pkg/api/ref
  - pkg/api/resource
  - pkg/api/service
  - pkg/api/util
  - pkg/api/v1
  - pkg/api/v1/helper
  - pkg/api/v1/helper/qos
  - pkg/api/v1/pod
  - pkg/api/v1/ref
  - pkg/api/validation
  - pkg/apis/admissionregistration
  - pkg/apis/admissionregistration/install
  - pkg/apis/admissionregistration/v1alpha1
  - pkg/apis/apps
  - pkg/apis/apps/install
  - pkg/apis/apps/v1beta1
  - pkg/apis/authentication
  - pkg/apis/authentication/install
  - pkg/apis/authentication/v1
  - pkg/apis/authentication/v1beta1
  - pkg/apis/authorization
  - pkg/apis/authorization/install
  - pkg/apis/authorization/v1
  - pkg/apis/authorization/v1beta1
  - pkg/apis/autoscaling
  - pkg/apis/autoscaling/install
  - pkg/apis/autoscaling/v1
  - pkg/apis/autoscaling/v2alpha1
  - pkg/apis/batch
  - pkg/apis/batch/install
  - pkg/apis/batch/v1
  - pkg/apis/batch/v2alpha1
  - pkg/apis/certificates
  - pkg/apis/certificates/install
  - pkg/apis/certificates/v1beta1
  - pkg/apis/componentconfig
  - pkg/apis/componentconfig/install
  - pkg/apis/componentconfig/v1alpha1
  - pkg/apis/extensions
  - pkg/apis/extensions/install
  - pkg/apis/extensions/v1beta1
  - pkg/apis/networking
  - pkg/apis/networking/install
  - pkg/apis/networking/v1
  - pkg/apis/policy
  - pkg/apis/policy/install
  - pkg/apis/policy/v1beta1
  - pkg/apis/rbac
  - pkg/apis/rbac/install
  - pkg/apis/rbac/v1alpha1
  - pkg/apis/rbac/v1beta1
  - pkg/apis/rbac/validation
  - pkg/apis/settings
  - pkg/apis/settings/install
  - pkg/apis/settings/v1alpha1
  - pkg/apis/storage
  - pkg/apis/storage/install
  - pkg/apis/storage/util
  - pkg/apis/storage/v1
  - pkg/apis/storage/v1beta1
  - pkg/capabilities
  - pkg/client/clientset_generated/clientset
  - pkg/client/clientset_generated/clientset/scheme
  - pkg/client/clientset_generated/clientset/typed/admissionregistration/v1alpha1
  - pkg/client/clientset_generated/clientset/typed/apps/v1beta1
  - pkg/client/clientset_generated/clientset/typed/authentication/v1
  - pkg/client/clientset_generated/clientset/typed/authentication/v1beta1
  - pkg/client/clientset_generated/clientset/typed/authorization/v1
  - pkg/client/clientset_generated/clientset/typed/authorization/v1beta1
  - pkg/client/clientset_generated/clientset/typed/autoscaling/v1
  - pkg/client/clientset_generated/clientset/typed/autoscaling/v2alpha1
  - pkg/client/clientset_generated/clientset/typed/batch/v1
  - pkg/client/clientset_generated/clientset/typed/batch/v2alpha1
  - pkg/client/clientset_generated/clientset/typed/certificates/v1beta1
  - pkg/client/clientset_generated/clientset/typed/core/v1
  - pkg/client/clientset_generated/clientset/typed/extensions/v1beta1
  - pkg/client/clientset_generated/clientset/typed/networking/v1
  - pkg/client/clientset_generated/clientset/typed/policy/v1beta1
  - pkg/client/clientset_generated/clientset/typed/rbac/v1alpha1
  - pkg/client/clientset_generated/clientset/typed/rbac/v1beta1
  - pkg/client/clientset_generated/clientset/typed/settings/v1alpha1
  - pkg/client/clientset_generated/clientset/typed/storage/v1
  - pkg/client/clientset_generated/clientset/typed/storage/v1beta1
  - pkg/client/clientset_generated/internalclientset
  - pkg/client/clientset_generated/internalclientset/fake
  - pkg/client/clientset_generated/internalclientset/scheme
  - pkg/client/clientset_generated/internalclientset/typed/admissionregistration/internalversion
  - pkg/client/clientset_generated/internalclientset/typed/admissionregistration/internalversion/fake
  - pkg/client/clientset_generated/internalclientset/typed/apps/internalversion
  - pkg/client/clientset_generated/internalclientset/typed/apps/internalversion/fake
  - pkg/client/clientset_generated/internalclientset/typed/authentication/internalversion
  - pkg/client/clientset_generated/internalclientset/typed/authentication/internalversion/fake
  - pkg/client/clientset_generated/internalclientset/typed/authorization/internalversion
  - pkg/client/clientset_generated/internalclientset/typed/authorization/internalversion/fake
  - pkg/client/clientset_generated/internalclientset/typed/autoscaling/internalversion
  - pkg/client/clientset_generated/internalclientset/typed/autoscaling/internalversion/fake
  - pkg/client/clientset_generated/internalclientset/typed/batch/internalversion
  - pkg/client/clientset_generated/internalclientset/typed/batch/internalversion/fake
  - pkg/client/clientset_generated/internalclientset/typed/certificates/internalversion
  - pkg/client/clientset_generated/internalclientset/typed/certificates/internalversion/fake
  - pkg/client/clientset_generated/internalclientset/typed/core/internalversion
  - pkg/client/clientset_generated/internalclientset/typed/core/internalversion/fake
  - pkg/client/clientset_generated/internalclientset/typed/extensions/internalversion
  - pkg/client/clientset_generated/internalclientset/typed/extensions/internalversion/fake
  - pkg/client/clientset_generated/internalclientset/typed/networking/internalversion
  - pkg/client/clientset_generated/internalclientset/typed/networking/internalversion/fake
  - pkg/client/clientset_generated/internalclientset/typed/policy/internalversion
  - pkg/client/clientset_generated/internalclientset/typed/policy/internalversion/fake
  - pkg/client/clientset_generated/internalclientset/typed/rbac/internalversion
  - pkg/client/clientset_generated/internalclientset/typed/rbac/internalversion/fake
  - pkg/client/clientset_generated/internalclientset/typed/settings/internalversion
  - pkg/client/clientset_generated/internalclientset/typed/settings/internalversion/fake
  - pkg/client/clientset_generated/internalclientset/typed/storage/internalversion
  - pkg/client/clientset_generated/internalclientset/typed/storage/internalversion/fake
  - pkg/client/informers/informers_generated/externalversions/apps/v1beta1
  - pkg/client/informers/informers_generated/externalversions/core/v1
  - pkg/client/informers/informers_generated/externalversions/extensions/v1beta1
  - pkg/client/informers/informers_generated/externalversions/internalinterfaces
  - pkg/client/informers/informers_generated/internalversion
  - pkg/client/informers/informers_generated/internalversion/admissionregistration
  - pkg/client/informers/informers_generated/internalversion/admissionregistration/internalversion
  - pkg/client/informers/informers_generated/internalversion/apps
  - pkg/client/informers/informers_generated/internalversion/apps/internalversion
  - pkg/client/informers/informers_generated/internalversion/autoscaling
  - pkg/client/informers/informers_generated/internalversion/autoscaling/internalversion
  - pkg/client/informers/informers_generated/internalversion/batch
  - pkg/client/informers/informers_generated/internalversion/batch/internalversion
  - pkg/client/informers/informers_generated/internalversion/certificates
  - pkg/client/informers/informers_generated/internalversion/certificates/internalversion
  - pkg/client/informers/informers_generated/internalversion/core
  - pkg/client/informers/informers_generated/internalversion/core/internalversion
  - pkg/client/informers/informers_generated/internalversion/extensions
  - pkg/client/informers/informers_generated/internalversion/extensions/internalversion
  - pkg/client/informers/informers_generated/internalversion/internalinterfaces
  - pkg/client/informers/informers_generated/internalversion/networking
  - pkg/client/informers/informers_generated/internalversion/networking/internalversion
  - pkg/client/informers/informers_generated/internalversion/policy
  - pkg/client/informers/informers_generated/internalversion/policy/internalversion
  - pkg/client/informers/informers_generated/internalversion/rbac
  - pkg/client/informers/informers_generated/internalversion/rbac/internalversion
  - pkg/client/informers/informers_generated/internalversion/settings
  - pkg/client/informers/informers_generated/internalversion/settings/internalversion
  - pkg/client/informers/informers_generated/internalversion/storage
  - pkg/client/informers/informers_generated/internalversion/storage/internalversion
  - pkg/client/leaderelection/resourcelock
  - pkg/client/listers/admissionregistration/internalversion
  - pkg/client/listers/apps/internalversion
  - pkg/client/listers/apps/v1beta1
  - pkg/client/listers/autoscaling/internalversion
  - pkg/client/listers/batch/internalversion
  - pkg/client/listers/certificates/internalversion
  - pkg/client/listers/core/internalversion
  - pkg/client/listers/core/v1
  - pkg/client/listers/extensions/internalversion
  - pkg/client/listers/extensions/v1beta1
  - pkg/client/listers/networking/internalversion
  - pkg/client/listers/policy/internalversion
  - pkg/client/listers/rbac/internalversion
  - pkg/client/listers/settings/internalversion
  - pkg/client/listers/storage/internalversion
  - pkg/client/retry
  - pkg/client/unversioned
  - pkg/controller
  - pkg/controller/daemon
  - pkg/controller/daemon/util
  - pkg/controller/deployment/util
  - pkg/credentialprovider
  - pkg/features
  - pkg/fieldpath
  - pkg/kubeapiserver/admission
  - pkg/kubectl
  - pkg/kubectl/cmd/util
  - pkg/kubectl/cmd/util/openapi
  - pkg/kubectl/plugins
  - pkg/kubectl/resource
  - pkg/kubectl/util
  - pkg/kubelet/apis
  - pkg/kubelet/client
  - pkg/kubelet/qos
  - pkg/kubelet/types
  - pkg/master/ports
  - pkg/printers
  - pkg/printers/internalversion
  - pkg/quota
  - pkg/registry/cachesize
  - pkg/registry/core/namespace
  - pkg/registry/rbac
  - pkg/registry/rbac/clusterrole
  - pkg/registry/rbac/clusterrole/policybased
  - pkg/registry/rbac/clusterrole/storage
  - pkg/registry/rbac/clusterrolebinding
  - pkg/registry/rbac/clusterrolebinding/policybased
  - pkg/registry/rbac/clusterrolebinding/storage
  - pkg/registry/rbac/reconciliation
  - pkg/registry/rbac/rest
  - pkg/registry/rbac/role
  - pkg/registry/rbac/role/policybased
  - pkg/registry/rbac/role/storage
  - pkg/registry/rbac/rolebinding
  - pkg/registry/rbac/rolebinding/policybased
  - pkg/registry/rbac/rolebinding/storage
  - pkg/registry/rbac/validation
  - pkg/security/apparmor
  - pkg/serviceaccount
  - pkg/util
  - pkg/util/exec
  - pkg/util/hash
  - pkg/util/labels
  - pkg/util/logs
  - pkg/util/metrics
  - pkg/util/mount
  - pkg/util/net/sets
  - pkg/util/node
  - pkg/util/parsers
  - pkg/util/slice
  - pkg/version
  - pkg/volume/util
  - plugin/pkg/admission/limitranger
  - plugin/pkg/auth/authorizer/rbac/bootstrappolicy
  - plugin/pkg/scheduler/algorithm
  - plugin/pkg/scheduler/algorithm/predicates
  - plugin/pkg/scheduler/algorithm/priorities/util
  - plugin/pkg/scheduler/api
  - plugin/pkg/scheduler/schedulercache
  - plugin/pkg/scheduler/util
- name: k8s.io/metrics
  version: 081df0fb7d6fa9edd3b013f5dcf718048ed65ce0
  repo: https://github.com/openshift/kubernetes-metrics
  subpackages:
  - pkg/apis/metrics
  - pkg/apis/metrics/v1alpha1
  - pkg/client/clientset_generated/clientset
  - pkg/client/clientset_generated/clientset/scheme
  - pkg/client/clientset_generated/clientset/typed/metrics/v1alpha1
- name: vbom.ml/util
  version: db5cfe13f5cc80a4990d98e2e1b0707a4d1a5394
  subpackages:
  - sortorder
testImports: []
